<Solution>
  <Project Path="BankingAppExercise/BankingAppExercise.csproj" Id="7dfad943-b1ba-412e-a52d-d802510804de" />
  <Project Path="ECommerceOrdersAppExercise/ECommerceOrdersAppExercise.csproj" Id="7565ed5d-aa9b-47aa-8d0b-831e8d2200d7" />
  <Project Path="LoginUsingMiddleware/LoginUsingMiddleware.csproj" />
  <Project Path="routingExsercise/routingExsercise.csproj" />
  <Project Path="WeatherApp/WeatherApp.csproj" Id="82779747-c017-4c59-8da7-4094036b8754" />
  <Project Path="WeatherApp_V2/WeatherApp_V2.csproj" />
  <Project Path="WeatherApp_V3/WeatherApp_V3.csproj" />
  <Project Path="WeatherApp_V4/WeatherApp_V4.csproj" />
</Solution>
